
Microsoft Visual Studio Solution File, Format Version 12.00
# Visual Studio Version 17
VisualStudioVersion = 17.6.33717.318
MinimumVisualStudioVersion = 10.0.40219.1
Project("{9A19103F-16F7-4668-BE54-9A1E7A4F7556}") = "API", "APII\API.csproj", "{211FF6F1-CE51-4E06-8912-5312D2197592}"
EndProject
Project("{9A19103F-16F7-4668-BE54-9A1E7A4F7556}") = "BlazorConfig", "BlazorConfig\BlazorConfig.csproj", "{8F0C6267-F349-41D8-A902-D5536183226D}"
EndProject
Project("{9A19103F-16F7-4668-BE54-9A1E7A4F7556}") = "ASP.NET API", "ASP.NET API\ASP.NET API\ASP.NET API.csproj", "{0D16457F-4CDE-45C9-9619-AAC9FFD688DE}"
EndProject
Project("{FAE04EC0-301F-11D3-BF4B-00C04F79EFBC}") = "Noise.Contracts", "Noise.Contracts\Noise.Contracts.csproj", "{5F9A20B1-AE25-4E0C-847C-84387EA36538}"
EndProject
Global
	GlobalSection(SolutionConfigurationPlatforms) = preSolution
		Debug|Any CPU = Debug|Any CPU
		Release|Any CPU = Release|Any CPU
	EndGlobalSection
	GlobalSection(ProjectConfigurationPlatforms) = postSolution
		{211FF6F1-CE51-4E06-8912-5312D2197592}.Debug|Any CPU.ActiveCfg = Debug|Any CPU
		{211FF6F1-CE51-4E06-8912-5312D2197592}.Debug|Any CPU.Build.0 = Debug|Any CPU
		{211FF6F1-CE51-4E06-8912-5312D2197592}.Release|Any CPU.ActiveCfg = Release|Any CPU
		{211FF6F1-CE51-4E06-8912-5312D2197592}.Release|Any CPU.Build.0 = Release|Any CPU
		{8F0C6267-F349-41D8-A902-D5536183226D}.Debug|Any CPU.ActiveCfg = Debug|Any CPU
		{8F0C6267-F349-41D8-A902-D5536183226D}.Debug|Any CPU.Build.0 = Debug|Any CPU
		{8F0C6267-F349-41D8-A902-D5536183226D}.Release|Any CPU.ActiveCfg = Release|Any CPU
		{8F0C6267-F349-41D8-A902-D5536183226D}.Release|Any CPU.Build.0 = Release|Any CPU
		{0D16457F-4CDE-45C9-9619-AAC9FFD688DE}.Debug|Any CPU.ActiveCfg = Debug|Any CPU
		{0D16457F-4CDE-45C9-9619-AAC9FFD688DE}.Debug|Any CPU.Build.0 = Debug|Any CPU
		{0D16457F-4CDE-45C9-9619-AAC9FFD688DE}.Release|Any CPU.ActiveCfg = Release|Any CPU
		{0D16457F-4CDE-45C9-9619-AAC9FFD688DE}.Release|Any CPU.Build.0 = Release|Any CPU
		{5F9A20B1-AE25-4E0C-847C-84387EA36538}.Debug|Any CPU.ActiveCfg = Debug|Any CPU
		{5F9A20B1-AE25-4E0C-847C-84387EA36538}.Debug|Any CPU.Build.0 = Debug|Any CPU
		{5F9A20B1-AE25-4E0C-847C-84387EA36538}.Release|Any CPU.ActiveCfg = Release|Any CPU
		{5F9A20B1-AE25-4E0C-847C-84387EA36538}.Release|Any CPU.Build.0 = Release|Any CPU
	EndGlobalSection
	GlobalSection(SolutionProperties) = preSolution
		HideSolutionNode = FALSE
	EndGlobalSection
	GlobalSection(ExtensibilityGlobals) = postSolution
		SolutionGuid = {BDB07D56-8DA5-4362-8270-4EA3A87B57BD}
	EndGlobalSection
EndGlobal
